{
    "_readme": [
        "This file locks the dependencies of your project to a known state",
        "Read more about it at https://getcomposer.org/doc/01-basic-usage.md#installing-dependencies",
        "This file is @generated automatically"
    ],
    "content-hash": "71b6a7689c86d0ace9677e67aa62c94b",
    "packages": [
        {
            "name": "mesilov/bitrix24-php-sdk",
            "version": "1.1.0",
            "source": {
                "type": "git",
                "url": "https://github.com/mesilov/bitrix24-php-sdk.git",
                "reference": "742878e02a2a77b8d0d6e6a533762ac418b63246"
            },
            "dist": {
                "type": "zip",
                "url": "https://api.github.com/repos/mesilov/bitrix24-php-sdk/zipball/742878e02a2a77b8d0d6e6a533762ac418b63246",
                "reference": "742878e02a2a77b8d0d6e6a533762ac418b63246",
                "shasum": ""
            },
            "require": {
                "ext-curl": "*",
                "ext-json": "*",
                "php": ">=5.3.2",
                "psr/log": "^1.0"
            },
            "require-dev": {
                "jakub-onderka/php-console-highlighter": "~0.3",
                "jakub-onderka/php-parallel-lint": "0.9",
                "phpunit/phpunit": "~4.8",
                "phpunit/phpunit-mock-objects": "2.3.0"
            },
            "type": "library",
            "autoload": {
                "classmap": [
                    "src/"
                ]
            },
            "notification-url": "https://packagist.org/downloads/",
            "license": [
                "MIT"
            ],
            "authors": [
                {
                    "name": "Maxim Mesilov",
                    "homepage": "https://github.com/mesilov/"
                }
            ],
            "description": "A powerfull PHP library for the Bitrix24 REST API",
            "homepage": "https://github.com/mesilov/bitrix24-php-sdk",
            "keywords": [
                "Bitrix24",
                "api",
                "php",
                "rest"
            ],
            "time": "2021-12-25T22:23:45+00:00"
        },
        {
            "name": "psr/log",
            "version": "1.1.4",
            "source": {
                "type": "git",
                "url": "https://github.com/php-fig/log.git",
                "reference": "d49695b909c3b7628b6289db5479a1c204601f11"
            },
            "dist": {
                "type": "zip",
                "url": "https://api.github.com/repos/php-fig/log/zipball/d49695b909c3b7628b6289db5479a1c204601f11",
                "reference": "d49695b909c3b7628b6289db5479a1c204601f11",
                "shasum": ""
            },
            "require": {
                "php": ">=5.3.0"
            },
            "type": "library",
            "extra": {
                "branch-alias": {
                    "dev-master": "1.1.x-dev"
                }
            },
            "autoload": {
                "psr-4": {
                    "Psr\\Log\\": "Psr/Log/"
                }
            },
            "notification-url": "https://packagist.org/downloads/",
            "license": [
                "MIT"
            ],
            "authors": [
                {
                    "name": "PHP-FIG",
                    "homepage": "https://www.php-fig.org/"
                }
            ],
            "description": "Common interface for logging libraries",
            "homepage": "https://github.com/php-fig/log",
            "keywords": [
                "log",
                "psr",
                "psr-3"
            ],
            "time": "2021-05-03T11:20:27+00:00"
        }
    ],
    "packages-dev": [],
    "aliases": [],
    "minimum-stability": "stable",
    "stability-flags": [],
    "prefer-stable": false,
    "prefer-lowest": false,
    "platform": [],
    "platform-dev": [],
    "plugin-api-version": "1.1.0"
}
